
Microsoft Visual Studio Solution File, Format Version 11.00
# Visual Studio 2010
Project("{FAE04EC0-301F-11D3-BF4B-00C04F79EFBC}") = "GraphicalKinectServer", "GraphicalKinectServer\GraphicalKinectServer.csproj", "{D379A38E-D8DE-4D45-BFAC-519D5C12E41E}"
EndProject
Global
	GlobalSection(SolutionConfigurationPlatforms) = preSolution
		Debug|x86 = Debug|x86
		Release|x86 = Release|x86
	EndGlobalSection
	GlobalSection(ProjectConfigurationPlatforms) = postSolution
		{D379A38E-D8DE-4D45-BFAC-519D5C12E41E}.Debug|x86.ActiveCfg = Debug|x86
		{D379A38E-D8DE-4D45-BFAC-519D5C12E41E}.Debug|x86.Build.0 = Debug|x86
		{D379A38E-D8DE-4D45-BFAC-519D5C12E41E}.Release|x86.ActiveCfg = Release|x86
		{D379A38E-D8DE-4D45-BFAC-519D5C12E41E}.Release|x86.Build.0 = Release|x86
	EndGlobalSection
	GlobalSection(SolutionProperties) = preSolution
		HideSolutionNode = FALSE
	EndGlobalSection
EndGlobal
